// !$*UTF8*$!
{
	archiveVersion = 1;
	classes = {
	};
	objectVersion = 55;
	objects = {

/* Begin PBXBuildFile section */
		A98113B2273D0B3000550558 /* GitHubUploadApp.swift in Sources */ = {isa = PBXBuildFile; fileRef = A98113B1273D0B3000550558 /* GitHubUploadApp.swift */; };
		A98113B4273D0B3000550558 /* ContentView.swift in Sources */ = {isa = PBXBuildFile; fileRef = A98113B3273D0B3000550558 /* ContentView.swift */; };
		A98113B6273D0B3700550558 /* Assets.xcassets in Resources */ = {isa = PBXBuildFile; fileRef = A98113B5273D0B3700550558 /* Assets.xcassets */; };
		A98113B9273D0B3800550558 /* Preview Assets.xcassets in Resources */ = {isa = PBXBuildFile; fileRef = A98113B8273D0B3800550558 /* Preview Assets.xcassets */; };
		A98113C3273D0B3900550558 /* GitHubUploadTests.swift in Sources */ = {isa = PBXBuildFile; fileRef = A98113C2273D0B3900550558 /* GitHubUploadTests.swift */; };
		A98113CD273D0B3900550558 /* GitHubUploadUITests.swift in Sources */ = {isa = PBXBuildFile; fileRef = A98113CC273D0B3900550558 /* GitHubUploadUITests.swift */; };
		A98113CF273D0B3900550558 /* GitHubUploadUITestsLaunchTests.swift in Sources */ = {isa = PBXBuildFile; fileRef = A98113CE273D0B3900550558 /* GitHubUploadUITestsLaunchTests.swift */; };
/* End PBXBuildFile section */

/* Begin PBXContainerItemProxy section */
		A98113BF273D0B3900550558 /* PBXContainerItemProxy */ = {
			isa = PBXContainerItemProxy;
			containerPortal = A98113A6273D0B2F00550558 /* Project object */;
			proxyType = 1;
			remoteGlobalIDString = A98113AD273D0B3000550558;
			remoteInfo = GitHubUpload;
		};
		A98113C9273D0B3900550558 /* PBXContainerItemProxy */ = {
			isa = PBXContainerItemProxy;
			containerPortal = A98113A6273D0B2F00550558 /* Project object */;
			proxyType = 1;
			remoteGlobalIDString = A98113AD273D0B3000550558;
			remoteInfo = GitHubUpload;
		};
/* End PBXContainerItemProxy section */

/* Begin PBXFileReference section */
		A98113AE273D0B3000550558 /* GitHubUpload.app */ = {isa = PBXFileReference; explicitFileType = wrapper.application; includeInIndex = 0; path = GitHubUpload.app; sourceTree = BUILT_PRODUCTS_DIR; };
		A98113B1273D0B3000550558 /* GitHubUploadApp.swift */ = {isa = PBXFileReference; lastKnownFileType = sourcecode.swift; path = GitHubUploadApp.swift; sourceTree = "<group>"; };
		A98113B3273D0B3000550558 /* ContentView.swift */ = {isa = PBXFileReference; lastKnownFileType = sourcecode.swift; path = ContentView.swift; sourceTree = "<group>"; };
		A98113B5273D0B3700550558 /* Assets.xcassets */ = {isa = PBXFileReference; lastKnownFileType = folder.assetcatalog; path = Assets.xcassets; sourceTree = "<group>"; };
		A98113B8273D0B3800550558 /* Preview Assets.xcassets */ = {isa = PBXFileReference; lastKnownFileType = folder.assetcatalog; path = "Preview Assets.xcassets"; sourceTree = "<group>"; };
		A98113BE273D0B3900550558 /* GitHubUploadTests.xctest */ = {isa = PBXFileReference; explicitFileType = wrapper.cfbundle; includeInIndex = 0; path = GitHubUploadTests.xctest; sourceTree = BUILT_PRODUCTS_DIR; };
		A98113C2273D0B3900550558 /* GitHubUploadTests.swift */ = {isa = PBXFileReference; lastKnownFileType = sourcecode.swift; path = GitHubUploadTests.swift; sourceTree = "<group>"; };
		A98113C8273D0B3900550558 /* GitHubUploadUITests.xctest */ = {isa = PBXFileReference; explicitFileType = wrapper.cfbundle; includeInIndex = 0; path = GitHubUploadUITests.xctest; sourceTree = BUILT_PRODUCTS_DIR; };
		A98113CC273D0B3900550558 /* GitHubUploadUITests.swift */ = {isa = PBXFileReference; lastKnownFileType = sourcecode.swift; path = GitHubUploadUITests.swift; sourceTree = "<group>"; };
		A98113CE273D0B3900550558 /* GitHubUploadUITestsLaunchTests.swift */ = {isa = PBXFileReference; lastKnownFileType = sourcecode.swift; path = GitHubUploadUITestsLaunchTests.swift; sourceTree = "<group>"; };
/* End PBXFileReference section */

/* Begin PBXFrameworksBuildPhase section */
		A98113AB273D0B3000550558 /* Frameworks */ = {
			isa = PBXFrameworksBuildPhase;
			buildActionMask = 2147483647;
			files = (
			);
			runOnlyForDeploymentPostprocessing = 0;
		};
		A98113BB273D0B3900550558 /* Frameworks */ = {
			isa = PBXFrameworksBuildPhase;
			buildActionMask = 2147483647;
			files = (
			);
			runOnlyForDeploymentPostprocessing = 0;
		};
		A98113C5273D0B3900550558 /* Frameworks */ = {
			isa = PBXFrameworksBuildPhase;
			buildActionMask = 2147483647;
			files = (
			);
			runOnlyForDeploymentPostprocessing = 0;
		};
/* End PBXFrameworksBuildPhase section */

/* Begin PBXGroup section */
		A98113A5273D0B2F00550558 = {
			isa = PBXGroup;
			children = (
				A98113B0273D0B3000550558 /* GitHubUpload */,
				A98113C1273D0B3900550558 /* GitHubUploadTests */,
				A98113CB273D0B3900550558 /* GitHubUploadUITests */,
				A98113AF273D0B3000550558 /* Products */,
			);
			sourceTree = "<group>";
		};
		A98113AF273D0B3000550558 /* Products */ = {
			isa = PBXGroup;
			children = (
				A98113AE273D0B3000550558 /* GitHubUpload.app */,
				A98113BE273D0B3900550558 /* GitHubUploadTests.xctest */,
				A98113C8273D0B3900550558 /* GitHubUploadUITests.xctest */,
			);
			name = Products;
			sourceTree = "<group>";
		};
		A98113B0273D0B3000550558 /* GitHubUpload */ = {
			isa = PBXGroup;
			children = (
				A98113B1273D0B3000550558 /* GitHubUploadApp.swift */,
				A98113B3273D0B3000550558 /* ContentView.swift */,
				A98113B5273D0B3700550558 /* Assets.xcassets */,
				A98113B7273D0B3800550558 /* Preview Content */,
			);
			path = GitHubUpload;
			sourceTree = "<group>";
		};
		A98113B7273D0B3800550558 /* Preview Content */ = {
			isa = PBXGroup;
			children = (
				A98113B8273D0B3800550558 /* Preview Assets.xcassets */,
			);
			path = "Preview Content";
			sourceTree = "<group>";
		};
		A98113C1273D0B3900550558 /* GitHubUploadTests */ = {
			isa = PBXGroup;
			children = (
				A98113C2273D0B3900550558 /* GitHubUploadTests.swift */,
			);
			path = GitHubUploadTests;
			sourceTree = "<group>";
		};
		A98113CB273D0B3900550558 /* GitHubUploadUITests */ = {
			isa = PBXGroup;
			children = (
				A98113CC273D0B3900550558 /* GitHubUploadUITests.swift */,
				A98113CE273D0B3900550558 /* GitHubUploadUITestsLaunchTests.swift */,
			);
			path = GitHubUploadUITests;
			sourceTree = "<group>";
		};
/* End PBXGroup section */

/* Begin PBXNativeTarget section */
		A98113AD273D0B3000550558 /* GitHubUpload */ = {
			isa = PBXNativeTarget;
			buildConfigurationList = A98113D2273D0B3900550558 /* Build configuration list for PBXNativeTarget "GitHubUpload" */;
			buildPhases = (
				A98113AA273D0B3000550558 /* Sources */,
				A98113AB273D0B3000550558 /* Frameworks */,
				A98113AC273D0B3000550558 /* Resources */,
			);
			buildRules = (
			);
			dependencies = (
			);
			name = GitHubUpload;
			productName = GitHubUpload;
			productReference = A98113AE273D0B3000550558 /* GitHubUpload.app */;
			productType = "com.apple.product-type.application";
		};
		A98113BD273D0B3900550558 /* GitHubUploadTests */ = {
			isa = PBXNativeTarget;
			buildConfigurationList = A98113D5273D0B3900550558 /* Build configuration list for PBXNativeTarget "GitHubUploadTests" */;
			buildPhases = (
				A98113BA273D0B3900550558 /* Sources */,
				A98113BB273D0B3900550558 /* Frameworks */,
				A98113BC273D0B3900550558 /* Resources */,
			);
			buildRules = (
			);
			dependencies = (
				A98113C0273D0B3900550558 /* PBXTargetDependency */,
			);
			name = GitHubUploadTests;
			productName = GitHubUploadTests;
			productReference = A98113BE273D0B3900550558 /* GitHubUploadTests.xctest */;
			productType = "com.apple.product-type.bundle.unit-test";
		};
		A98113C7273D0B3900550558 /* GitHubUploadUITests */ = {
			isa = PBXNativeTarget;
			buildConfigurationList = A98113D8273D0B3900550558 /* Build configuration list for PBXNativeTarget "GitHubUploadUITests" */;
			buildPhases = (
				A98113C4273D0B3900550558 /* Sources */,
				A98113C5273D0B3900550558 /* Frameworks */,
				A98113C6273D0B3900550558 /* Resources */,
			);
			buildRules = (
			);
			dependencies = (
				A98113CA273D0B3900550558 /* PBXTargetDependency */,
			);
			name = GitHubUploadUITests;
			productName = GitHubUploadUITests;
			productReference = A98113C8273D0B3900550558 /* GitHubUploadUITests.xctest */;
			productType = "com.apple.product-type.bundle.ui-testing";
		};
/* End PBXNativeTarget section */

/* Begin PBXProject section */
		A98113A6273D0B2F00550558 /* Project object */ = {
			isa = PBXProject;
			attributes = {
				BuildIndependentTargetsInParallel = 1;
				LastSwiftUpdateCheck = 1310;
				LastUpgradeCheck = 1310;
				TargetAttributes = {
					A98113AD273D0B3000550558 = {
						CreatedOnToolsVersion = 13.1;
					};
					A98113BD273D0B3900550558 = {
						CreatedOnToolsVersion = 13.1;
						TestTargetID = A98113AD273D0B3000550558;
					};
					A98113C7273D0B3900550558 = {
						CreatedOnToolsVersion = 13.1;
						TestTargetID = A98113AD273D0B3000550558;
					};
				};
			};
			buildConfigurationList = A98113A9273D0B2F00550558 /* Build configuration list for PBXProject "GitHubUpload" */;
			compatibilityVersion = "Xcode 13.0";
			developmentRegion = en;
			hasScannedForEncodings = 0;
			knownRegions = (
				en,
				Base,
			);
			mainGroup = A98113A5273D0B2F00550558;
			productRefGroup = A98113AF273D0B3000550558 /* Products */;
			projectDirPath = "";
			projectRoot = "";
			targets = (
				A98113AD273D0B3000550558 /* GitHubUpload */,
				A98113BD273D0B3900550558 /* GitHubUploadTests */,
				A98113C7273D0B3900550558 /* GitHubUploadUITests */,
			);
		};
/* End PBXProject section */

/* Begin PBXResourcesBuildPhase section */
		A98113AC273D0B3000550558 /* Resources */ = {
			isa = PBXResourcesBuildPhase;
			buildActionMask = 2147483647;
			files = (
				A98113B9273D0B3800550558 /* Preview Assets.xcassets in Resources */,
				A98113B6273D0B3700550558 /* Assets.xcassets in Resources */,
			);
			runOnlyForDeploymentPostprocessing = 0;
		};
		A98113BC273D0B3900550558 /* Resources */ = {
			isa = PBXResourcesBuildPhase;
			buildActionMask = 2147483647;
			files = (
			);
			runOnlyForDeploymentPostprocessing = 0;
		};
		A98113C6273D0B3900550558 /* Resources */ = {
			isa = PBXResourcesBuildPhase;
			buildActionMask = 2147483647;
			files = (
			);
			runOnlyForDeploymentPostprocessing = 0;
		};
/* End PBXResourcesBuildPhase section */

/* Begin PBXSourcesBuildPhase section */
		A98113AA273D0B3000550558 /* Sources */ = {
			isa = PBXSourcesBuildPhase;
			buildActionMask = 2147483647;
			files = (
				A98113B4273D0B3000550558 /* ContentView.swift in Sources */,
				A98113B2273D0B3000550558 /* GitHubUploadApp.swift in Sources */,
			);
			runOnlyForDeploymentPostprocessing = 0;
		};
		A98113BA273D0B3900550558 /* Sources */ = {
			isa = PBXSourcesBuildPhase;
			buildActionMask = 2147483647;
			files = (
				A98113C3273D0B3900550558 /* GitHubUploadTests.swift in Sources */,
			);
			runOnlyForDeploymentPostprocessing = 0;
		};
		A98113C4273D0B3900550558 /* Sources */ = {
			isa = PBXSourcesBuildPhase;
			buildActionMask = 2147483647;
			files = (
				A98113CF273D0B3900550558 /* GitHubUploadUITestsLaunchTests.swift in Sources */,
				A98113CD273D0B3900550558 /* GitHubUploadUITests.swift in Sources */,
			);
			runOnlyForDeploymentPostprocessing = 0;
		};
/* End PBXSourcesBuildPhase section */

/* Begin PBXTargetDependency section */
		A98113C0273D0B3900550558 /* PBXTargetDependency */ = {
			isa = PBXTargetDependency;
			target = A98113AD273D0B3000550558 /* GitHubUpload */;
			targetProxy = A98113BF273D0B3900550558 /* PBXContainerItemProxy */;
		};
		A98113CA273D0B3900550558 /* PBXTargetDependency */ = {
			isa = PBXTargetDependency;
			target = A98113AD273D0B3000550558 /* GitHubUpload */;
			targetProxy = A98113C9273D0B3900550558 /* PBXContainerItemProxy */;
		};
/* End PBXTargetDependency section */

/* Begin XCBuildConfiguration section */
		A98113D0273D0B3900550558 /* Debug */ = {
			isa = XCBuildConfiguration;
			buildSettings = {
				ALWAYS_SEARCH_USER_PATHS = NO;
				CLANG_ANALYZER_NONNULL = YES;
				CLANG_ANALYZER_NUMBER_OBJECT_CONVERSION = YES_AGGRESSIVE;
				CLANG_CXX_LANGUAGE_STANDARD = "gnu++17";
				CLANG_CXX_LIBRARY = "libc++";
				CLANG_ENABLE_MODULES = YES;
				CLANG_ENABLE_OBJC_ARC = YES;
				CLANG_ENABLE_OBJC_WEAK = YES;
				CLANG_WARN_BLOCK_CAPTURE_AUTORELEASING = YES;
				CLANG_WARN_BOOL_CONVERSION = YES;
				CLANG_WARN_COMMA = YES;
				CLANG_WARN_CONSTANT_CONVERSION = YES;
				CLANG_WARN_DEPRECATED_OBJC_IMPLEMENTATIONS = YES;
				CLANG_WARN_DIRECT_OBJC_ISA_USAGE = YES_ERROR;
				CLANG_WARN_DOCUMENTATION_COMMENTS = YES;
				CLANG_WARN_EMPTY_BODY = YES;
				CLANG_WARN_ENUM_CONVERSION = YES;
				CLANG_WARN_INFINITE_RECURSION = YES;
				CLANG_WARN_INT_CONVERSION = YES;
				CLANG_WARN_NON_LITERAL_NULL_CONVERSION = YES;
				CLANG_WARN_OBJC_IMPLICIT_RETAIN_SELF = YES;
				CLANG_WARN_OBJC_LITERAL_CONVERSION = YES;
				CLANG_WARN_OBJC_ROOT_CLASS = YES_ERROR;
				CLANG_WARN_QUOTED_INCLUDE_IN_FRAMEWORK_HEADER = YES;
				CLANG_WARN_RANGE_LOOP_ANALYSIS = YES;
				CLANG_WARN_STRICT_PROTOTYPES = YES;
				CLANG_WARN_SUSPICIOUS_MOVE = YES;
				CLANG_WARN_UNGUARDED_AVAILABILITY = YES_AGGRESSIVE;
				CLANG_WARN_UNREACHABLE_CODE = YES;
				CLANG_WARN__DUPLICATE_METHOD_MATCH = YES;
				COPY_PHASE_STRIP = NO;
				DEBUG_INFORMATION_FORMAT = dwarf;
				ENABLE_STRICT_OBJC_MSGSEND = YES;
				ENABLE_TESTABILITY = YES;
				GCC_C_LANGUAGE_STANDARD = gnu11;
				GCC_DYNAMIC_NO_PIC = NO;
				GCC_NO_COMMON_BLOCKS = YES;
				GCC_OPTIMIZATION_LEVEL = 0;
				GCC_PREPROCESSOR_DEFINITIONS = (
					"DEBUG=1",
					"$(inherited)",
				);
				GCC_WARN_64_TO_32_BIT_CONVERSION = YES;
				GCC_WARN_ABOUT_RETURN_TYPE = YES_ERROR;
				GCC_WARN_UNDECLARED_SELECTOR = YES;
				GCC_WARN_UNINITIALIZED_AUTOS = YES_AGGRESSIVE;
				GCC_WARN_UNUSED_FUNCTION = YES;
				GCC_WARN_UNUSED_VARIABLE = YES;
				IPHONEOS_DEPLOYMENT_TARGET = 15.0;
				MTL_ENABLE_DEBUG_INFO = INCLUDE_SOURCE;
				MTL_FAST_MATH = YES;
				ONLY_ACTIVE_ARCH = YES;
				SDKROOT = iphoneos;
				SWIFT_ACTIVE_COMPILATION_CONDITIONS = DEBUG;
				SWIFT_OPTIMIZATION_LEVEL = "-Onone";
			};
			name = Debug;
		};
		A98113D1273D0B3900550558 /* Release */ = {
			isa = XCBuildConfiguration;
			buildSettings = {
				ALWAYS_SEARCH_USER_PATHS = NO;
				CLANG_ANALYZER_NONNULL = YES;
				CLANG_ANALYZER_NUMBER_OBJECT_CONVERSION = YES_AGGRESSIVE;
				CLANG_CXX_LANGUAGE_STANDARD = "gnu++17";
				CLANG_CXX_LIBRARY = "libc++";
				CLANG_ENABLE_MODULES = YES;
				CLANG_ENABLE_OBJC_ARC = YES;
				CLANG_ENABLE_OBJC_WEAK = YES;
				CLANG_WARN_BLOCK_CAPTURE_AUTORELEASING = YES;
				CLANG_WARN_BOOL_CONVERSION = YES;
				CLANG_WARN_COMMA = YES;
				CLANG_WARN_CONSTANT_CONVERSION = YES;
				CLANG_WARN_DEPRECATED_OBJC_IMPLEMENTATIONS = YES;
				CLANG_WARN_DIRECT_OBJC_ISA_USAGE = YES_ERROR;
				CLANG_WARN_DOCUMENTATION_COMMENTS = YES;
				CLANG_WARN_EMPTY_BODY = YES;
				CLANG_WARN_ENUM_CONVERSION = YES;
				CLANG_WARN_INFINITE_RECURSION = YES;
				CLANG_WARN_INT_CONVERSION = YES;
				CLANG_WARN_NON_LITERAL_NULL_CONVERSION = YES;
				CLANG_WARN_OBJC_IMPLICIT_RETAIN_SELF = YES;
				CLANG_WARN_OBJC_LITERAL_CONVERSION = YES;
				CLANG_WARN_OBJC_ROOT_CLASS = YES_ERROR;
				CLANG_WARN_QUOTED_INCLUDE_IN_FRAMEWORK_HEADER = YES;
				CLANG_WARN_RANGE_LOOP_ANALYSIS = YES;
				CLANG_WARN_STRICT_PROTOTYPES = YES;
				CLANG_WARN_SUSPICIOUS_MOVE = YES;
				CLANG_WARN_UNGUARDED_AVAILABILITY = YES_AGGRESSIVE;
				CLANG_WARN_UNREACHABLE_CODE = YES;
				CLANG_WARN__DUPLICATE_METHOD_MATCH = YES;
				COPY_PHASE_STRIP = NO;
				DEBUG_INFORMATION_FORMAT = "dwarf-with-dsym";
				ENABLE_NS_ASSERTIONS = NO;
				ENABLE_STRICT_OBJC_MSGSEND = YES;
				GCC_C_LANGUAGE_STANDARD = gnu11;
				GCC_NO_COMMON_BLOCKS = YES;
				GCC_WARN_64_TO_32_BIT_CONVERSION = YES;
				GCC_WARN_ABOUT_RETURN_TYPE = YES_ERROR;
				GCC_WARN_UNDECLARED_SELECTOR = YES;
				GCC_WARN_UNINITIALIZED_AUTOS = YES_AGGRESSIVE;
				GCC_WARN_UNUSED_FUNCTION = YES;
				GCC_WARN_UNUSED_VARIABLE = YES;
				IPHONEOS_DEPLOYMENT_TARGET = 15.0;
				MTL_ENABLE_DEBUG_INFO = NO;
				MTL_FAST_MATH = YES;
				SDKROOT = iphoneos;
				SWIFT_COMPILATION_MODE = wholemodule;
				SWIFT_OPTIMIZATION_LEVEL = "-O";
				VALIDATE_PRODUCT = YES;
			};
			name = Release;
		};
		A98113D3273D0B3900550558 /* Debug */ = {
			isa = XCBuildConfiguration;
			buildSettings = {
				ASSETCATALOG_COMPILER_APPICON_NAME = AppIcon;
				ASSETCATALOG_COMPILER_GLOBAL_ACCENT_COLOR_NAME = AccentColor;
				CODE_SIGN_STYLE = Automatic;
				CURRENT_PROJECT_VERSION = 1;
				DEVELOPMENT_ASSET_PATHS = "\"GitHubUpload/Preview Content\"";
				DEVELOPMENT_TEAM = 4ZD7BDM8LX;
				ENABLE_PREVIEWS = YES;
				GENERATE_INFOPLIST_FILE = YES;
				INFOPLIST_KEY_UIApplicationSceneManifest_Generation = YES;
				INFOPLIST_KEY_UIApplicationSupportsIndirectInputEvents = YES;
				INFOPLIST_KEY_UILaunchScreen_Generation = YES;
				INFOPLIST_KEY_UISupportedInterfaceOrientations_iPad = "UIInterfaceOrientationPortrait UIInterfaceOrientationPortraitUpsideDown UIInterfaceOrientationLandscapeLeft UIInterfaceOrientationLandscapeRight";
				INFOPLIST_KEY_UISupportedInterfaceOrientations_iPhone = "UIInterfaceOrientationPortrait UIInterfaceOrientationLandscapeLeft UIInterfaceOrientationLandscapeRight";
				LD_RUNPATH_SEARCH_PATHS = (
					"$(inherited)",
					"@executable_path/Frameworks",
				);
				MARKETING_VERSION = 1.0;
				PRODUCT_BUNDLE_IDENTIFIER = KuanHaoChen.GitHubUpload;
				PRODUCT_NAME = "$(TARGET_NAME)";
				SWIFT_EMIT_LOC_STRINGS = YES;
				SWIFT_VERSION = 5.0;
				TARGETED_DEVICE_FAMILY = "1,2";
			};
			name = Debug;
		};
		A98113D4273D0B3900550558 /* Release */ = {
			isa = XCBuildConfiguration;
			buildSettings = {
				ASSETCATALOG_COMPILER_APPICON_NAME = AppIcon;
				ASSETCATALOG_COMPILER_GLOBAL_ACCENT_COLOR_NAME = AccentColor;
				CODE_SIGN_STYLE = Automatic;
				CURRENT_PROJECT_VERSION = 1;
				DEVELOPMENT_ASSET_PATHS = "\"GitHubUpload/Preview Content\"";
				DEVELOPMENT_TEAM = 4ZD7BDM8LX;
				ENABLE_PREVIEWS = YES;
				GENERATE_INFOPLIST_FILE = YES;
				INFOPLIST_KEY_UIApplicationSceneManifest_Generation = YES;
				INFOPLIST_KEY_UIApplicationSupportsIndirectInputEvents = YES;
				INFOPLIST_KEY_UILaunchScreen_Generation = YES;
				INFOPLIST_KEY_UISupportedInterfaceOrientations_iPad = "UIInterfaceOrientationPortrait UIInterfaceOrientationPortraitUpsideDown UIInterfaceOrientationLandscapeLeft UIInterfaceOrientationLandscapeRight";
				INFOPLIST_KEY_UISupportedInterfaceOrientations_iPhone = "UIInterfaceOrientationPortrait UIInterfaceOrientationLandscapeLeft UIInterfaceOrientationLandscapeRight";
				LD_RUNPATH_SEARCH_PATHS = (
					"$(inherited)",
					"@executable_path/Frameworks",
				);
				MARKETING_VERSION = 1.0;
				PRODUCT_BUNDLE_IDENTIFIER = KuanHaoChen.GitHubUpload;
				PRODUCT_NAME = "$(TARGET_NAME)";
				SWIFT_EMIT_LOC_STRINGS = YES;
				SWIFT_VERSION = 5.0;
				TARGETED_DEVICE_FAMILY = "1,2";
			};
			name = Release;
		};
		A98113D6273D0B3900550558 /* Debug */ = {
			isa = XCBuildConfiguration;
			buildSettings = {
				ALWAYS_EMBED_SWIFT_STANDARD_LIBRARIES = YES;
				BUNDLE_LOADER = "$(TEST_HOST)";
				CODE_SIGN_STYLE = Automatic;
				CURRENT_PROJECT_VERSION = 1;
				DEVELOPMENT_TEAM = 4ZD7BDM8LX;
				GENERATE_INFOPLIST_FILE = YES;
				IPHONEOS_DEPLOYMENT_TARGET = 15.0;
				LD_RUNPATH_SEARCH_PATHS = (
					"$(inherited)",
					"@executable_path/Frameworks",
					"@loader_path/Frameworks",
				);
				MARKETING_VERSION = 1.0;
				PRODUCT_BUNDLE_IDENTIFIER = KuanHaoChen.GitHubUploadTests;
				PRODUCT_NAME = "$(TARGET_NAME)";
				SWIFT_EMIT_LOC_STRINGS = NO;
				SWIFT_VERSION = 5.0;
				TARGETED_DEVICE_FAMILY = "1,2";
				TEST_HOST = "$(BUILT_PRODUCTS_DIR)/GitHubUpload.app/GitHubUpload";
			};
			name = Debug;
		};
		A98113D7273D0B3900550558 /* Release */ = {
			isa = XCBuildConfiguration;
			buildSettings = {
				ALWAYS_EMBED_SWIFT_STANDARD_LIBRARIES = YES;
				BUNDLE_LOADER = "$(TEST_HOST)";
				CODE_SIGN_STYLE = Automatic;
				CURRENT_PROJECT_VERSION = 1;
				DEVELOPMENT_TEAM = 4ZD7BDM8LX;
				GENERATE_INFOPLIST_FILE = YES;
				IPHONEOS_DEPLOYMENT_TARGET = 15.0;
				LD_RUNPATH_SEARCH_PATHS = (
					"$(inherited)",
					"@executable_path/Frameworks",
					"@loader_path/Frameworks",
				);
				MARKETING_VERSION = 1.0;
				PRODUCT_BUNDLE_IDENTIFIER = KuanHaoChen.GitHubUploadTests;
				PRODUCT_NAME = "$(TARGET_NAME)";
				SWIFT_EMIT_LOC_STRINGS = NO;
				SWIFT_VERSION = 5.0;
				TARGETED_DEVICE_FAMILY = "1,2";
				TEST_HOST = "$(BUILT_PRODUCTS_DIR)/GitHubUpload.app/GitHubUpload";
			};
			name = Release;
		};
		A98113D9273D0B3900550558 /* Debug */ = {
			isa = XCBuildConfiguration;
			buildSettings = {
				ALWAYS_EMBED_SWIFT_STANDARD_LIBRARIES = YES;
				CODE_SIGN_STYLE = Automatic;
				CURRENT_PROJECT_VERSION = 1;
				DEVELOPMENT_TEAM = 4ZD7BDM8LX;
				GENERATE_INFOPLIST_FILE = YES;
				LD_RUNPATH_SEARCH_PATHS = (
					"$(inherited)",
					"@executable_path/Frameworks",
					"@loader_path/Frameworks",
				);
				MARKETING_VERSION = 1.0;
				PRODUCT_BUNDLE_IDENTIFIER = KuanHaoChen.GitHubUploadUITests;
				PRODUCT_NAME = "$(TARGET_NAME)";
				SWIFT_EMIT_LOC_STRINGS = NO;
				SWIFT_VERSION = 5.0;
				TARGETED_DEVICE_FAMILY = "1,2";
				TEST_TARGET_NAME = GitHubUpload;
			};
			name = Debug;
		};
		A98113DA273D0B3900550558 /* Release */ = {
			isa = XCBuildConfiguration;
			buildSettings = {
				ALWAYS_EMBED_SWIFT_STANDARD_LIBRARIES = YES;
				CODE_SIGN_STYLE = Automatic;
				CURRENT_PROJECT_VERSION = 1;
				DEVELOPMENT_TEAM = 4ZD7BDM8LX;
				GENERATE_INFOPLIST_FILE = YES;
				LD_RUNPATH_SEARCH_PATHS = (
					"$(inherited)",
					"@executable_path/Frameworks",
					"@loader_path/Frameworks",
				);
				MARKETING_VERSION = 1.0;
				PRODUCT_BUNDLE_IDENTIFIER = KuanHaoChen.GitHubUploadUITests;
				PRODUCT_NAME = "$(TARGET_NAME)";
				SWIFT_EMIT_LOC_STRINGS = NO;
				SWIFT_VERSION = 5.0;
				TARGETED_DEVICE_FAMILY = "1,2";
				TEST_TARGET_NAME = GitHubUpload;
			};
			name = Release;
		};
/* End XCBuildConfiguration section */

/* Begin XCConfigurationList section */
		A98113A9273D0B2F00550558 /* Build configuration list for PBXProject "GitHubUpload" */ = {
			isa = XCConfigurationList;
			buildConfigurations = (
				A98113D0273D0B3900550558 /* Debug */,
				A98113D1273D0B3900550558 /* Release */,
			);
			defaultConfigurationIsVisible = 0;
			defaultConfigurationName = Release;
		};
		A98113D2273D0B3900550558 /* Build configuration list for PBXNativeTarget "GitHubUpload" */ = {
			isa = XCConfigurationList;
			buildConfigurations = (
				A98113D3273D0B3900550558 /* Debug */,
				A98113D4273D0B3900550558 /* Release */,
			);
			defaultConfigurationIsVisible = 0;
			defaultConfigurationName = Release;
		};
		A98113D5273D0B3900550558 /* Build configuration list for PBXNativeTarget "GitHubUploadTests" */ = {
			isa = XCConfigurationList;
			buildConfigurations = (
				A98113D6273D0B3900550558 /* Debug */,
				A98113D7273D0B3900550558 /* Release */,
			);
			defaultConfigurationIsVisible = 0;
			defaultConfigurationName = Release;
		};
		A98113D8273D0B3900550558 /* Build configuration list for PBXNativeTarget "GitHubUploadUITests" */ = {
			isa = XCConfigurationList;
			buildConfigurations = (
				A98113D9273D0B3900550558 /* Debug */,
				A98113DA273D0B3900550558 /* Release */,
			);
			defaultConfigurationIsVisible = 0;
			defaultConfigurationName = Release;
		};
/* End XCConfigurationList section */
	};
	rootObject = A98113A6273D0B2F00550558 /* Project object */;
}
